{
  "originHash" : "8bbf2d8130b48c4c1d3a5d9d3de6e72b6d02fbada0382db4050bb5b8fe7cf4f1",
  "pins" : [
    {
      "identity" : "starscream",
      "kind" : "remoteSourceControl",
      "location" : "https://gitee.com/nikopeng/Starscream",
      "state" : {
        "revision" : "c6bfd1af48efcc9a9ad203665db12375ba6b145a",
        "version" : "4.0.8"
      }
    }
  ],
  "version" : 3
}
